<?xml version="1.0" encoding="utf-8"?>
<Project ToolsVersion="4.0" xmlns="http://schemas.microsoft.com/developer/msbuild/2003">
  <ItemGroup>
    <Filter Include="Maths">
      <UniqueIdentifier>{04de09b2-3268-484d-99eb-bb38e96becde}</UniqueIdentifier>
    </Filter>
    <Filter Include="Windowing and Input">
      <UniqueIdentifier>{2bc51177-8cb2-4a97-be15-ba366777f17b}</UniqueIdentifier>
    </Filter>
    <Filter Include="Windowing and Input\Win32">
      <UniqueIdentifier>{6c4f3ce4-6425-4d48-bb36-05ba6e237747}</UniqueIdentifier>
    </Filter>
    <Filter Include="Rendering">
      <UniqueIdentifier>{92093c3d-690f-4bb0-9dda-1fb247f863de}</UniqueIdentifier>
    </Filter>
    <Filter Include="Asset Handling">
      <UniqueIdentifier>{1d0b54c1-f5de-4083-b62a-78e5b7ec9b10}</UniqueIdentifier>
    </Filter>
    <Filter Include="ImgUI">
      <UniqueIdentifier>{ed205d82-a1ec-4911-b76b-2d760bdbfe51}</UniqueIdentifier>
    </Filter>
    <Filter Include="Audio">
      <UniqueIdentifier>{05b9dd85-536d-4abe-87e8-417fb31b1006}</UniqueIdentifier>
    </Filter>
    <Filter Include="Camera">
      <UniqueIdentifier>{c073555e-dd7c-4bad-9d19-ad5518caf2f4}</UniqueIdentifier>
    </Filter>
  </ItemGroup>
  <ItemGroup>
    <ClCompile Include="GameTimer.cpp">
      <Filter>Windowing and Input</Filter>
    </ClCompile>
    <ClCompile Include="Keyboard.cpp">
      <Filter>Windowing and Input</Filter>
    </ClCompile>
    <ClCompile Include="Matrix4.cpp">
      <Filter>Maths</Filter>
    </ClCompile>
    <ClCompile Include="Mouse.cpp">
      <Filter>Windowing and Input</Filter>
    </ClCompile>
    <ClCompile Include="Window.cpp">
      <Filter>Windowing and Input</Filter>
    </ClCompile>
    <ClCompile Include="Matrix2.cpp">
      <Filter>Maths</Filter>
    </ClCompile>
    <ClCompile Include="Matrix3.cpp">
      <Filter>Maths</Filter>
    </ClCompile>
    <ClCompile Include="Quaternion.cpp">
      <Filter>Maths</Filter>
    </ClCompile>
    <ClCompile Include="Plane.cpp">
      <Filter>Maths</Filter>
    </ClCompile>
    <ClCompile Include="Win32Keyboard.cpp">
      <Filter>Windowing and Input\Win32</Filter>
    </ClCompile>
    <ClCompile Include="Win32Mouse.cpp">
      <Filter>Windowing and Input\Win32</Filter>
    </ClCompile>
    <ClCompile Include="Win32Window.cpp">
      <Filter>Windowing and Input\Win32</Filter>
    </ClCompile>
    <ClCompile Include="RendererBase.cpp">
      <Filter>Rendering</Filter>
    </ClCompile>
    <ClCompile Include="ShaderBase.cpp">
      <Filter>Rendering</Filter>
    </ClCompile>
    <ClCompile Include="Maths.cpp">
      <Filter>Maths</Filter>
    </ClCompile>
    <ClCompile Include="TextureBase.cpp">
      <Filter>Rendering</Filter>
    </ClCompile>
    <ClCompile Include="MeshGeometry.cpp">
      <Filter>Rendering</Filter>
    </ClCompile>
    <ClCompile Include="TextureWriter.cpp">
      <Filter>Asset Handling</Filter>
    </ClCompile>
    <ClCompile Include="SimpleFont.cpp">
      <Filter>Asset Handling</Filter>
    </ClCompile>
    <ClCompile Include="TextureLoader.cpp">
      <Filter>Asset Handling</Filter>
    </ClCompile>
    <ClCompile Include="Vector4.cpp">
      <Filter>Maths</Filter>
    </ClCompile>
    <ClCompile Include="Vector2.cpp">
      <Filter>Maths</Filter>
    </ClCompile>
    <ClCompile Include="Vector3.cpp">
      <Filter>Maths</Filter>
    </ClCompile>
    <ClCompile Include="MeshAnimation.cpp">
      <Filter>Rendering</Filter>
    </ClCompile>
    <ClCompile Include="MeshMaterial.cpp">
      <Filter>Rendering</Filter>
    </ClCompile>
    <ClCompile Include="..\CSC8503\CSC8503Common\RenderObject.cpp">
      <Filter>Rendering</Filter>
    </ClCompile>
    <ClCompile Include="..\CSC8503\CSC8503Common\Debug.cpp">
      <Filter>Rendering</Filter>
    </ClCompile>
    <ClCompile Include="Imgui\imgui.cpp">
      <Filter>ImgUI</Filter>
    </ClCompile>
    <ClCompile Include="Imgui\imgui_demo.cpp">
      <Filter>ImgUI</Filter>
    </ClCompile>
    <ClCompile Include="Imgui\imgui_draw.cpp">
      <Filter>ImgUI</Filter>
    </ClCompile>
    <ClCompile Include="Imgui\imgui_impl_opengl3.cpp">
      <Filter>ImgUI</Filter>
    </ClCompile>
    <ClCompile Include="Imgui\imgui_impl_win32.cpp">
      <Filter>ImgUI</Filter>
    </ClCompile>
    <ClCompile Include="Imgui\imgui_tables.cpp">
      <Filter>ImgUI</Filter>
    </ClCompile>
    <ClCompile Include="Imgui\imgui_widgets.cpp">
      <Filter>ImgUI</Filter>
    </ClCompile>
    <ClCompile Include="AudioManager.cpp">
      <Filter>Audio</Filter>
    </ClCompile>
    <ClCompile Include="Assets.cpp">
      <Filter>Asset Handling</Filter>
    </ClCompile>
    <ClCompile Include="Camera.cpp">
      <Filter>Camera</Filter>
    </ClCompile>
    <ClCompile Include="Light.cpp" />
  </ItemGroup>
  <ItemGroup>
    <ClInclude Include="Window.h">
      <Filter>Windowing and Input</Filter>
    </ClInclude>
    <ClInclude Include="Vector3.h">
      <Filter>Maths</Filter>
    </ClInclude>
    <ClInclude Include="Vector4.h">
      <Filter>Maths</Filter>
    </ClInclude>
    <ClInclude Include="Vector2.h">
      <Filter>Maths</Filter>
    </ClInclude>
    <ClInclude Include="Mouse.h">
      <Filter>Windowing and Input</Filter>
    </ClInclude>
    <ClInclude Include="Keyboard.h">
      <Filter>Windowing and Input</Filter>
    </ClInclude>
    <ClInclude Include="GameTimer.h">
      <Filter>Windowing and Input</Filter>
    </ClInclude>
    <ClInclude Include="Matrix4.h">
      <Filter>Maths</Filter>
    </ClInclude>
    <ClInclude Include="Matrix2.h">
      <Filter>Maths</Filter>
    </ClInclude>
    <ClInclude Include="Matrix3.h">
      <Filter>Maths</Filter>
    </ClInclude>
    <ClInclude Include="Plane.h">
      <Filter>Maths</Filter>
    </ClInclude>
    <ClInclude Include="Quaternion.h">
      <Filter>Maths</Filter>
    </ClInclude>
    <ClInclude Include="Win32Window.h">
      <Filter>Windowing and Input\Win32</Filter>
    </ClInclude>
    <ClInclude Include="Win32Keyboard.h">
      <Filter>Windowing and Input\Win32</Filter>
    </ClInclude>
    <ClInclude Include="Win32Mouse.h">
      <Filter>Windowing and Input\Win32</Filter>
    </ClInclude>
    <ClInclude Include="Maths.h">
      <Filter>Maths</Filter>
    </ClInclude>
    <ClInclude Include="ShaderBase.h">
      <Filter>Rendering</Filter>
    </ClInclude>
    <ClInclude Include="RendererBase.h">
      <Filter>Rendering</Filter>
    </ClInclude>
    <ClInclude Include="TextureBase.h">
      <Filter>Rendering</Filter>
    </ClInclude>
    <ClInclude Include="MeshGeometry.h">
      <Filter>Rendering</Filter>
    </ClInclude>
    <ClInclude Include="Assets.h">
      <Filter>Asset Handling</Filter>
    </ClInclude>
    <ClInclude Include="TextureWriter.h">
      <Filter>Asset Handling</Filter>
    </ClInclude>
    <ClInclude Include="SimpleFont.h">
      <Filter>Asset Handling</Filter>
    </ClInclude>
    <ClInclude Include="TextureLoader.h">
      <Filter>Asset Handling</Filter>
    </ClInclude>
    <ClInclude Include="MeshAnimation.h">
      <Filter>Rendering</Filter>
    </ClInclude>
    <ClInclude Include="MeshMaterial.h">
      <Filter>Rendering</Filter>
    </ClInclude>
    <ClInclude Include="..\CSC8503\CSC8503Common\RenderObject.h">
      <Filter>Rendering</Filter>
    </ClInclude>
    <ClInclude Include="..\CSC8503\CSC8503Common\Debug.h">
      <Filter>Rendering</Filter>
    </ClInclude>
    <ClInclude Include="Imgui\imconfig.h">
      <Filter>ImgUI</Filter>
    </ClInclude>
    <ClInclude Include="Imgui\imgui.h">
      <Filter>ImgUI</Filter>
    </ClInclude>
    <ClInclude Include="Imgui\imgui_impl_opengl3.h">
      <Filter>ImgUI</Filter>
    </ClInclude>
    <ClInclude Include="Imgui\imgui_impl_win32.h">
      <Filter>ImgUI</Filter>
    </ClInclude>
    <ClInclude Include="Imgui\imgui_internal.h">
      <Filter>ImgUI</Filter>
    </ClInclude>
    <ClInclude Include="Imgui\imstb_rectpack.h">
      <Filter>ImgUI</Filter>
    </ClInclude>
    <ClInclude Include="Imgui\imstb_textedit.h">
      <Filter>ImgUI</Filter>
    </ClInclude>
    <ClInclude Include="Imgui\imstb_truetype.h">
      <Filter>ImgUI</Filter>
    </ClInclude>
    <ClInclude Include="AudioManager.h">
      <Filter>Audio</Filter>
    </ClInclude>
    <ClInclude Include="Camera.h">
      <Filter>Camera</Filter>
    </ClInclude>
    <ClInclude Include="Light.h" />
  </ItemGroup>
</Project>